NeoBundleLock accelerated-smooth-scroll 04944ea4831f5d31f776cb8cd627601ddb567fc2
NeoBundleLock emmet-vim 31d903d390035ea4158dc70d49034673d993ad7b
NeoBundleLock gundo.vim e7fe41024ace9047eee610f23311d44fd9d917c0
NeoBundleLock html5.vim fccd580f5f11d576169ee347907c9fbd77af410a
NeoBundleLock lightline.vim ac5e6df5cac0f3ff3078c51f715978288a5c351d
NeoBundleLock neocomplete.vim 81d39635625730ca43f08762e2908b96e7b7f077
NeoBundleLock neomru.vim e86ebb07c3498e81b13a195330831eb845555633
NeoBundleLock neopairs.vim 2aa84e3a1f61612c14168acdc32639340134ba2d
NeoBundleLock neosnippet-snippets b068cc47707ecc7d023d75359687b21545bfc341
NeoBundleLock neosnippet.vim 9eac227835317d2fad9ae9b816590ce33a3ab7c4
NeoBundleLock nerdcommenter 1f4bfd59920c101a30a74a07b824608a6e65f3fe
NeoBundleLock nerdtree 15445be5fb2559829ac7a1f05af5d713586e8ec9
NeoBundleLock nerdtree-git-plugin e71e62fb5ca3e49035a7f2a85c81e5b85b1cf138
NeoBundleLock open-browser.vim e2bfabfc758351ee3087d4c697d1953660d943ee
NeoBundleLock php.vim 85388c06254148929fb1726da6468f614b6168c0
NeoBundleLock phpcomplete.vim f60e66f6f9f32dbb718d58ac9de2bad6bc006dce
NeoBundleLock splitjoin.vim 625e88bb0181f331080bde3cd0351c0f20ccda93
NeoBundleLock syntastic 30fa9bec2d46ccc28a65dd95b6b14070470c2d89
NeoBundleLock tagbar 7b36c46d17d57db34fdb0adac9ba6382d0bb5e66
NeoBundleLock tagbar-phpctags 7bb2d1b91585f6f11a143cbdde146fcab5eebfe0
NeoBundleLock unite-outline c3dc638d391c6bda85a741d7a78e24c159840d35
NeoBundleLock unite.vim 5fd81feec7ff3f94173ecb10e3dee98aaef26e5d
NeoBundleLock vdebug 24495d14a7af9b7c707c5ca5e0b30d28eb024df1
NeoBundleLock vim-bookmarks c1cfec17fd81f51411e559ea32c97ce8f5510b0c
NeoBundleLock vim-coffee-script 32fe889b8cafd3a4921ef8e6485156453ff58c42
NeoBundleLock vim-css3-syntax 75ac3daad7f38e286d59f33937d79e89963e89de
NeoBundleLock vim-easy-align 0cb6b98fc155717b0a56c110551ac57d1d951ddb
NeoBundleLock vim-fontzoom b411334b6abaaf07380521d8446a59553fc7f57f
NeoBundleLock vim-fugitive 3439f999b138254e4bb56187fc91f91f545b4b12
NeoBundleLock vim-gitgutter 377c71d9823be32c021a597d8d18c3234ed567c1
NeoBundleLock vim-gutentags abd332c17b2ed6fd5c6360cae269ed71198e71c3
NeoBundleLock vim-indent-guides 018298ead9d3aa9cd3b4ae222f81022a33978b09
NeoBundleLock vim-javascript d7f4728f830173d5894009771432d329d9098f17
NeoBundleLock vim-markdown be5eb29a16c1be1cc52622b81c6d4e7ab67507c8
NeoBundleLock vim-misc 3e6b8fb6f03f13434543ce1f5d24f6a5d3f34f0b
NeoBundleLock vim-nerdtree-tabs 0decec122e9bb3e9328b01fa20a9650e79cc6ca7
NeoBundleLock vim-over 327a6098536a8a22829e2934f8c2e9ddea781a7c
NeoBundleLock vim-php-manual d05a65aa32c77fe67da51b0190a80503fd1994f5
NeoBundleLock vim-quickhl 8f24bf90d746c27349bf8a6244484c0cbfe762eb
NeoBundleLock vim-quickrun 3bdd13cc577b58a90d7964f2fe4446b2e65ea77a
NeoBundleLock vim-session 9e9a6088f0554f6940c19889d0b2a8f39d13f2bb
NeoBundleLock vim-snippets f6d0b68e477c1562c8086a2c503b8742608351b3
NeoBundleLock vim-stylus 0514757a4795843978517ee73d7fa7d8bf2e5545
NeoBundleLock vim-surround 2d05440ad23f97a7874ebd9b5de3a0e65d25d85c
NeoBundleLock vimproc 0ff17bc0725cd0323df87664fa02b1436349f667
NeoBundleLock vinarise.vim f58fc77afa41aedaf766d452b6ce46daaccddce9
